
Microsoft Visual Studio Solution File, Format Version 11.00
# Visual Studio 2010
Project("{8BC9CEB8-8B4A-11D0-8D11-00A0C91BC942}") = "APMAlert2", "APMAlert2\APMAlert2.vcxproj", "{BBCD7F17-62DF-47DB-9505-A2918769118B}"
EndProject
Global
	GlobalSection(SolutionConfigurationPlatforms) = preSolution
		Debug|Win32 = Debug|Win32
		Release|Win32 = Release|Win32
	EndGlobalSection
	GlobalSection(ProjectConfigurationPlatforms) = postSolution
		{BBCD7F17-62DF-47DB-9505-A2918769118B}.Debug|Win32.ActiveCfg = Debug|Win32
		{BBCD7F17-62DF-47DB-9505-A2918769118B}.Debug|Win32.Build.0 = Debug|Win32
		{BBCD7F17-62DF-47DB-9505-A2918769118B}.Release|Win32.ActiveCfg = Release|Win32
		{BBCD7F17-62DF-47DB-9505-A2918769118B}.Release|Win32.Build.0 = Release|Win32
	EndGlobalSection
	GlobalSection(SolutionProperties) = preSolution
		HideSolutionNode = FALSE
	EndGlobalSection
EndGlobal
